
Microsoft Visual Studio Solution File, Format Version 12.00
# Visual Studio Version 17
VisualStudioVersion = 17.8.34525.116
MinimumVisualStudioVersion = 10.0.40219.1
Project("{2150E333-8FDC-42A3-9474-1A3956D46DE8}") = "Core", "Core", "{1CA6F163-8635-47C6-BF83-CF5A13601AC9}"
EndProject
Project("{9A19103F-16F7-4668-BE54-9A1E7A4F7556}") = "Domain", "Domain\Domain.csproj", "{6AC38848-6204-499E-9274-9E5B454AAF6D}"
EndProject
Project("{9A19103F-16F7-4668-BE54-9A1E7A4F7556}") = "Services", "Services\Services.csproj", "{C042BC1E-E7E7-4B48-810B-6B204867FDAB}"
EndProject
Project("{9A19103F-16F7-4668-BE54-9A1E7A4F7556}") = "Services.Abstraction", "Services.Abstraction\Services.Abstraction.csproj", "{BC39A8FB-F135-436C-8120-F25211F7E026}"
EndProject
Project("{9A19103F-16F7-4668-BE54-9A1E7A4F7556}") = "Contracts", "Contracts\Contracts.csproj", "{D4864F38-BBF2-494B-ADBD-764B7432C51F}"
EndProject
Project("{2150E333-8FDC-42A3-9474-1A3956D46DE8}") = "Infrastructure", "Infrastructure", "{A915EC1E-F05F-434E-9014-88557FA0B009}"
EndProject
Project("{9A19103F-16F7-4668-BE54-9A1E7A4F7556}") = "Persistence", "Persistence\Persistence.csproj", "{077568A4-3ED2-424B-8BA6-7E4F12AC8A60}"
EndProject
Project("{9A19103F-16F7-4668-BE54-9A1E7A4F7556}") = "Presentation", "Presentation\Presentation.csproj", "{431C6561-E3B3-4AC5-AE02-DE018C52D061}"
EndProject
Project("{9A19103F-16F7-4668-BE54-9A1E7A4F7556}") = "API-Project", "API-Project\API-Project\API-Project.csproj", "{1846147A-BC3C-4013-B032-E310480DACA1}"
EndProject
Project("{2150E333-8FDC-42A3-9474-1A3956D46DE8}") = "ServerSide", "ServerSide", "{28D03266-627F-4F54-8BBB-8FE2C0F4E13B}"
EndProject
Global
	GlobalSection(SolutionConfigurationPlatforms) = preSolution
		Debug|Any CPU = Debug|Any CPU
		Release|Any CPU = Release|Any CPU
	EndGlobalSection
	GlobalSection(ProjectConfigurationPlatforms) = postSolution
		{6AC38848-6204-499E-9274-9E5B454AAF6D}.Debug|Any CPU.ActiveCfg = Debug|Any CPU
		{6AC38848-6204-499E-9274-9E5B454AAF6D}.Debug|Any CPU.Build.0 = Debug|Any CPU
		{6AC38848-6204-499E-9274-9E5B454AAF6D}.Release|Any CPU.ActiveCfg = Release|Any CPU
		{6AC38848-6204-499E-9274-9E5B454AAF6D}.Release|Any CPU.Build.0 = Release|Any CPU
		{C042BC1E-E7E7-4B48-810B-6B204867FDAB}.Debug|Any CPU.ActiveCfg = Debug|Any CPU
		{C042BC1E-E7E7-4B48-810B-6B204867FDAB}.Debug|Any CPU.Build.0 = Debug|Any CPU
		{C042BC1E-E7E7-4B48-810B-6B204867FDAB}.Release|Any CPU.ActiveCfg = Release|Any CPU
		{C042BC1E-E7E7-4B48-810B-6B204867FDAB}.Release|Any CPU.Build.0 = Release|Any CPU
		{BC39A8FB-F135-436C-8120-F25211F7E026}.Debug|Any CPU.ActiveCfg = Debug|Any CPU
		{BC39A8FB-F135-436C-8120-F25211F7E026}.Debug|Any CPU.Build.0 = Debug|Any CPU
		{BC39A8FB-F135-436C-8120-F25211F7E026}.Release|Any CPU.ActiveCfg = Release|Any CPU
		{BC39A8FB-F135-436C-8120-F25211F7E026}.Release|Any CPU.Build.0 = Release|Any CPU
		{D4864F38-BBF2-494B-ADBD-764B7432C51F}.Debug|Any CPU.ActiveCfg = Debug|Any CPU
		{D4864F38-BBF2-494B-ADBD-764B7432C51F}.Debug|Any CPU.Build.0 = Debug|Any CPU
		{D4864F38-BBF2-494B-ADBD-764B7432C51F}.Release|Any CPU.ActiveCfg = Release|Any CPU
		{D4864F38-BBF2-494B-ADBD-764B7432C51F}.Release|Any CPU.Build.0 = Release|Any CPU
		{077568A4-3ED2-424B-8BA6-7E4F12AC8A60}.Debug|Any CPU.ActiveCfg = Debug|Any CPU
		{077568A4-3ED2-424B-8BA6-7E4F12AC8A60}.Debug|Any CPU.Build.0 = Debug|Any CPU
		{077568A4-3ED2-424B-8BA6-7E4F12AC8A60}.Release|Any CPU.ActiveCfg = Release|Any CPU
		{077568A4-3ED2-424B-8BA6-7E4F12AC8A60}.Release|Any CPU.Build.0 = Release|Any CPU
		{431C6561-E3B3-4AC5-AE02-DE018C52D061}.Debug|Any CPU.ActiveCfg = Debug|Any CPU
		{431C6561-E3B3-4AC5-AE02-DE018C52D061}.Debug|Any CPU.Build.0 = Debug|Any CPU
		{431C6561-E3B3-4AC5-AE02-DE018C52D061}.Release|Any CPU.ActiveCfg = Release|Any CPU
		{431C6561-E3B3-4AC5-AE02-DE018C52D061}.Release|Any CPU.Build.0 = Release|Any CPU
		{1846147A-BC3C-4013-B032-E310480DACA1}.Debug|Any CPU.ActiveCfg = Debug|Any CPU
		{1846147A-BC3C-4013-B032-E310480DACA1}.Debug|Any CPU.Build.0 = Debug|Any CPU
		{1846147A-BC3C-4013-B032-E310480DACA1}.Release|Any CPU.ActiveCfg = Release|Any CPU
		{1846147A-BC3C-4013-B032-E310480DACA1}.Release|Any CPU.Build.0 = Release|Any CPU
	EndGlobalSection
	GlobalSection(SolutionProperties) = preSolution
		HideSolutionNode = FALSE
	EndGlobalSection
	GlobalSection(NestedProjects) = preSolution
		{1CA6F163-8635-47C6-BF83-CF5A13601AC9} = {28D03266-627F-4F54-8BBB-8FE2C0F4E13B}
		{6AC38848-6204-499E-9274-9E5B454AAF6D} = {1CA6F163-8635-47C6-BF83-CF5A13601AC9}
		{C042BC1E-E7E7-4B48-810B-6B204867FDAB} = {1CA6F163-8635-47C6-BF83-CF5A13601AC9}
		{BC39A8FB-F135-436C-8120-F25211F7E026} = {1CA6F163-8635-47C6-BF83-CF5A13601AC9}
		{D4864F38-BBF2-494B-ADBD-764B7432C51F} = {1CA6F163-8635-47C6-BF83-CF5A13601AC9}
		{A915EC1E-F05F-434E-9014-88557FA0B009} = {28D03266-627F-4F54-8BBB-8FE2C0F4E13B}
		{077568A4-3ED2-424B-8BA6-7E4F12AC8A60} = {A915EC1E-F05F-434E-9014-88557FA0B009}
		{431C6561-E3B3-4AC5-AE02-DE018C52D061} = {A915EC1E-F05F-434E-9014-88557FA0B009}
		{1846147A-BC3C-4013-B032-E310480DACA1} = {28D03266-627F-4F54-8BBB-8FE2C0F4E13B}
	EndGlobalSection
	GlobalSection(ExtensibilityGlobals) = postSolution
		SolutionGuid = {4D8B1C9E-3F99-4891-89E7-7F6AA6125060}
	EndGlobalSection
EndGlobal
